
Microsoft Visual Studio Solution File, Format Version 12.00
# Visual Studio Version 17
VisualStudioVersion = 17.9.34701.34
MinimumVisualStudioVersion = 10.0.40219.1
Project("{FAE04EC0-301F-11D3-BF4B-00C04F79EFBC}") = "dizajni_i_sistemit_softuerik", "dizajni_i_sistemit_softuerik.csproj", "{1E514E32-4CC0-4816-A8E1-73EEBC0B7E74}"
EndProject
Global
	GlobalSection(SolutionConfigurationPlatforms) = preSolution
		Debug|Any CPU = Debug|Any CPU
		Release|Any CPU = Release|Any CPU
	EndGlobalSection
	GlobalSection(ProjectConfigurationPlatforms) = postSolution
		{1E514E32-4CC0-4816-A8E1-73EEBC0B7E74}.Debug|Any CPU.ActiveCfg = Debug|Any CPU
		{1E514E32-4CC0-4816-A8E1-73EEBC0B7E74}.Debug|Any CPU.Build.0 = Debug|Any CPU
		{1E514E32-4CC0-4816-A8E1-73EEBC0B7E74}.Release|Any CPU.ActiveCfg = Release|Any CPU
		{1E514E32-4CC0-4816-A8E1-73EEBC0B7E74}.Release|Any CPU.Build.0 = Release|Any CPU
	EndGlobalSection
	GlobalSection(SolutionProperties) = preSolution
		HideSolutionNode = FALSE
	EndGlobalSection
	GlobalSection(ExtensibilityGlobals) = postSolution
		SolutionGuid = {C06249E4-396F-4502-B81C-F7B1D14F29DF}
	EndGlobalSection
EndGlobal
